{
  "object": {
    "pins": [
      {
        "package": "TopLevelCoders",
        "repositoryURL": "https://github.com/shizukusoft/swift-top-level-coders.git",
        "state": {
          "branch": null,
          "revision": "c5e0bd8b95ccecee13c3b84f43751db0be4e7072",
          "version": "0.0.2"
        }
      }
    ]
  },
  "version": 1
}
